{
  "nodes": {
    "flake-compat": {
      "flake": false,
      "locked": {
        "lastModified": 1733328505,
        "narHash": "sha256-NeCCThCEP3eCl2l/+27kNNK7QrwZB1IJCrXfrbv5oqU=",
        "owner": "edolstra",
        "repo": "flake-compat",
        "rev": "ff81ac966bb2cae68946d5ed5fc4994f96d0ffec",
        "type": "github"
      },
      "original": {
        "owner": "edolstra",
        "repo": "flake-compat",
        "type": "github"
      }
    },
    "flake-parts": {
      "inputs": {
        "nixpkgs-lib": [
          "nixpkgs"
        ]
      },
      "locked": {
        "lastModified": 1743550720,
        "narHash": "sha256-hIshGgKZCgWh6AYJpJmRgFdR3WUbkY04o82X05xqQiY=",
        "owner": "hercules-ci",
        "repo": "flake-parts",
        "rev": "c621e8422220273271f52058f618c94e405bb0f5",
        "type": "github"
      },
      "original": {
        "owner": "hercules-ci",
        "repo": "flake-parts",
        "type": "github"
      }
    },
    "git-hooks-nix": {
      "inputs": {
        "flake-compat": [],
        "gitignore": [],
        "nixpkgs": [
          "nixpkgs"
        ]
      },
      "locked": {
        "lastModified": 1742649964,
        "narHash": "sha256-DwOTp7nvfi8mRfuL1escHDXabVXFGT1VlPD1JHrtrco=",
        "owner": "cachix",
        "repo": "git-hooks.nix",
        "rev": "dcf5072734cb576d2b0c59b2ac44f5050b5eac82",
        "type": "github"
      },
      "original": {
        "owner": "cachix",
        "repo": "git-hooks.nix",
        "type": "github"
      }
    },
    "nixpkgs": {
      "locked": {
        "lastModified": 1744672350,
        "narHash": "sha256-lHHaNQh5Ey+G6+XODlmV0h94nc4IFdydRwXy0oAnGLQ=",
        "owner": "NixOS",
        "repo": "nixpkgs",
        "rev": "32bb18de3fdc183ce866094862b4ad85febfe370",
        "type": "github"
      },
      "original": {
        "owner": "NixOS",
        "ref": "master",
        "repo": "nixpkgs",
        "type": "github"
      }
    },
    "root": {
      "inputs": {
        "flake-compat": "flake-compat",
        "flake-parts": "flake-parts",
        "git-hooks-nix": "git-hooks-nix",
        "nixpkgs": "nixpkgs",
        "zig": "zig"
      }
    },
    "systems": {
      "locked": {
        "lastModified": 1681028828,
        "narHash": "sha256-Vy1rq5AaRuLzOxct8nz4T6wlgyUR7zLU309k9mBC768=",
        "owner": "nix-systems",
        "repo": "default",
        "rev": "da67096a3b9bf56a91d16901293e51ba5b49a27e",
        "type": "github"
      },
      "original": {
        "owner": "nix-systems",
        "repo": "default",
        "type": "github"
      }
    },
    "zig": {
      "inputs": {
        "nixpkgs": [
          "nixpkgs"
        ],
        "systems": "systems",
        "zig": "zig_2",
        "zls": "zls",
        "zon2nix": "zon2nix"
      },
      "locked": {
        "lastModified": 1744675660,
        "narHash": "sha256-qeyiGbCNSXJjO62lH1FNMdP0F8SbGj9CQIzoGiGyFoI=",
        "owner": "zix-os",
        "repo": "zig-flake",
        "rev": "f6c91cd7a448bf5fe81af40731b3a077f0fd4d8f",
        "type": "github"
      },
      "original": {
        "owner": "zix-os",
        "repo": "zig-flake",
        "type": "github"
      }
    },
    "zig_2": {
      "flake": false,
      "locked": {
        "lastModified": 1744662044,
        "narHash": "sha256-9R5zLLeUz3LJgZ4v+8fMmHJe+wYqn09PDX2zSJUh3V0=",
        "owner": "ziglang",
        "repo": "zig",
        "rev": "206bd1ced863f0757a2e15b74b533170460dd328",
        "type": "github"
      },
      "original": {
        "owner": "ziglang",
        "repo": "zig",
        "type": "github"
      }
    },
    "zls": {
      "flake": false,
      "locked": {
        "lastModified": 1744675473,
        "narHash": "sha256-bcZ4eftCNeyTRy1pgdjwyIpN2Yyrf2Ax2t31cIG5VTc=",
        "owner": "zix-os",
        "repo": "zls",
        "rev": "5a19a3d4486b1431064d360825213e6d13d7268b",
        "type": "github"
      },
      "original": {
        "owner": "zix-os",
        "repo": "zls",
        "type": "github"
      }
    },
    "zon2nix": {
      "flake": false,
      "locked": {
        "lastModified": 1742508634,
        "narHash": "sha256-89hYzrzQokQ+HUOd3g4epP9jdajaIoaMG81SrCNCqqU=",
        "owner": "nix-community",
        "repo": "zon2nix",
        "rev": "2360e358c2107860dadd340f88b25d260b538188",
        "type": "github"
      },
      "original": {
        "owner": "nix-community",
        "repo": "zon2nix",
        "type": "github"
      }
    }
  },
  "root": "root",
  "version": 7
}
