{
  "nodes": {
    "nixpkgs": {
      "locked": {
        "lastModified": 1770197578,
        "narHash": "sha256-AYqlWrX09+HvGs8zM6ebZ1pwUqjkfpnv8mewYwAo+iM=",
        "owner": "NixOS",
        "repo": "nixpkgs",
        "rev": "00c21e4c93d963c50d4c0c89bfa84ed6e0694df2",
        "type": "github"
      },
      "original": {
        "owner": "NixOS",
        "ref": "nixos-unstable",
        "repo": "nixpkgs",
        "type": "github"
      }
    },
    "nixpkgs_2": {
      "locked": {
        "lastModified": 1770197578,
        "narHash": "sha256-AYqlWrX09+HvGs8zM6ebZ1pwUqjkfpnv8mewYwAo+iM=",
        "owner": "NixOS",
        "repo": "nixpkgs",
        "rev": "00c21e4c93d963c50d4c0c89bfa84ed6e0694df2",
        "type": "github"
      },
      "original": {
        "owner": "NixOS",
        "ref": "nixos-unstable",
        "repo": "nixpkgs",
        "type": "github"
      }
    },
    "root": {
      "inputs": {
        "nixpkgs": "nixpkgs",
        "zig-flake": "zig-flake"
      }
    },
    "zig": {
      "flake": false,
      "locked": {
        "lastModified": 1770383209,
        "narHash": "sha256-z8D/5Epyi1404Hb8QKZKSWp3ehCWAOZnLMousOSzRgo=",
        "ref": "refs/heads/master",
        "rev": "36b65ab59e5e514ad06a11cde96b87c565d86ac8",
        "revCount": 37078,
        "type": "git",
        "url": "https://codeberg.org/ziglang/zig"
      },
      "original": {
        "type": "git",
        "url": "https://codeberg.org/ziglang/zig"
      }
    },
    "zig-flake": {
      "inputs": {
        "nixpkgs": "nixpkgs_2",
        "zig": "zig",
        "zls": "zls",
        "zon2nix": "zon2nix"
      },
      "locked": {
        "lastModified": 1770423934,
        "narHash": "sha256-mbrOdbFrHYT90GuJlhODpBVXiOl2PGuuukENLiLU188=",
        "owner": "zix-os",
        "repo": "zig-flake",
        "rev": "12a4f5ff1041a7baec4ece53cea9dcaf2174c9e8",
        "type": "github"
      },
      "original": {
        "owner": "zix-os",
        "ref": "push-pzkukzsswxwz",
        "repo": "zig-flake",
        "type": "github"
      }
    },
    "zls": {
      "flake": false,
      "locked": {
        "lastModified": 1770285981,
        "narHash": "sha256-F2P0M/NNGD335RdDQ/RWt8TiABrnt5ZH3II/XmjWeU4=",
        "owner": "zigtools",
        "repo": "zls",
        "rev": "4f279a7dedbd6d2b22e3e6d6da2e007a41bf8908",
        "type": "github"
      },
      "original": {
        "owner": "zigtools",
        "ref": "techatrix/update-zig",
        "repo": "zls",
        "type": "github"
      }
    },
    "zon2nix": {
      "flake": false,
      "locked": {
        "lastModified": 1770337306,
        "narHash": "sha256-Nxe1MvrNNc9LN34NJeAQ91SDE6mW710G2xRSmI0hq4M=",
        "owner": "nix-community",
        "repo": "zon2nix",
        "rev": "8c2ef6d376727cd5dc768a851ccded47161e65fb",
        "type": "github"
      },
      "original": {
        "owner": "nix-community",
        "repo": "zon2nix",
        "type": "github"
      }
    }
  },
  "root": "root",
  "version": 7
}
